
Microsoft Visual Studio Solution File, Format Version 12.00
# Visual Studio Version 17
VisualStudioVersion = 17.4.33103.184
MinimumVisualStudioVersion = 10.0.40219.1
Project("{FAE04EC0-301F-11D3-BF4B-00C04F79EFBC}") = "GocServer.API", "GocServer.API\GocServer.API.csproj", "{D7BEAD84-AB1B-4C0D-95B4-1114CDCB6444}"
EndProject
Project("{FAE04EC0-301F-11D3-BF4B-00C04F79EFBC}") = "GocServer.UI", "GocServer.UI\GocServer.UI.csproj", "{AEEE8D7B-EB06-4A3F-809C-B793ABACC55B}"
EndProject
Project("{FAE04EC0-301F-11D3-BF4B-00C04F79EFBC}") = "GocServer.Domain", "GocServer.Domain\GocServer.Domain.csproj", "{68540AC1-B809-4643-960C-E9B8F01BB267}"
EndProject
Project("{FAE04EC0-301F-11D3-BF4B-00C04F79EFBC}") = "GocServer.Application", "GocServer.Application\GocServer.Application.csproj", "{8B1844CE-AA06-4AD4-9FCE-EB688B7D49A7}"
EndProject
Project("{FAE04EC0-301F-11D3-BF4B-00C04F79EFBC}") = "GocServer.Persistence", "GocServer.Persistence\GocServer.Persistence.csproj", "{40E254E6-F18E-4B8F-BAF3-72D7788E404D}"
EndProject
Global
	GlobalSection(SolutionConfigurationPlatforms) = preSolution
		Debug|Any CPU = Debug|Any CPU
		Release|Any CPU = Release|Any CPU
	EndGlobalSection
	GlobalSection(ProjectConfigurationPlatforms) = postSolution
		{D7BEAD84-AB1B-4C0D-95B4-1114CDCB6444}.Debug|Any CPU.ActiveCfg = Debug|Any CPU
		{D7BEAD84-AB1B-4C0D-95B4-1114CDCB6444}.Debug|Any CPU.Build.0 = Debug|Any CPU
		{D7BEAD84-AB1B-4C0D-95B4-1114CDCB6444}.Release|Any CPU.ActiveCfg = Release|Any CPU
		{D7BEAD84-AB1B-4C0D-95B4-1114CDCB6444}.Release|Any CPU.Build.0 = Release|Any CPU
		{AEEE8D7B-EB06-4A3F-809C-B793ABACC55B}.Debug|Any CPU.ActiveCfg = Debug|Any CPU
		{AEEE8D7B-EB06-4A3F-809C-B793ABACC55B}.Debug|Any CPU.Build.0 = Debug|Any CPU
		{AEEE8D7B-EB06-4A3F-809C-B793ABACC55B}.Release|Any CPU.ActiveCfg = Release|Any CPU
		{AEEE8D7B-EB06-4A3F-809C-B793ABACC55B}.Release|Any CPU.Build.0 = Release|Any CPU
		{68540AC1-B809-4643-960C-E9B8F01BB267}.Debug|Any CPU.ActiveCfg = Debug|Any CPU
		{68540AC1-B809-4643-960C-E9B8F01BB267}.Debug|Any CPU.Build.0 = Debug|Any CPU
		{68540AC1-B809-4643-960C-E9B8F01BB267}.Release|Any CPU.ActiveCfg = Release|Any CPU
		{68540AC1-B809-4643-960C-E9B8F01BB267}.Release|Any CPU.Build.0 = Release|Any CPU
		{8B1844CE-AA06-4AD4-9FCE-EB688B7D49A7}.Debug|Any CPU.ActiveCfg = Debug|Any CPU
		{8B1844CE-AA06-4AD4-9FCE-EB688B7D49A7}.Debug|Any CPU.Build.0 = Debug|Any CPU
		{8B1844CE-AA06-4AD4-9FCE-EB688B7D49A7}.Release|Any CPU.ActiveCfg = Release|Any CPU
		{8B1844CE-AA06-4AD4-9FCE-EB688B7D49A7}.Release|Any CPU.Build.0 = Release|Any CPU
		{40E254E6-F18E-4B8F-BAF3-72D7788E404D}.Debug|Any CPU.ActiveCfg = Debug|Any CPU
		{40E254E6-F18E-4B8F-BAF3-72D7788E404D}.Debug|Any CPU.Build.0 = Debug|Any CPU
		{40E254E6-F18E-4B8F-BAF3-72D7788E404D}.Release|Any CPU.ActiveCfg = Release|Any CPU
		{40E254E6-F18E-4B8F-BAF3-72D7788E404D}.Release|Any CPU.Build.0 = Release|Any CPU
	EndGlobalSection
	GlobalSection(SolutionProperties) = preSolution
		HideSolutionNode = FALSE
	EndGlobalSection
	GlobalSection(ExtensibilityGlobals) = postSolution
		SolutionGuid = {0D08AFE6-3570-4FF5-83D4-B75F6B3F2335}
	EndGlobalSection
EndGlobal
